
Microsoft Visual Studio Solution File, Format Version 12.00
# Visual Studio Version 17
VisualStudioVersion = 17.7.34031.279
MinimumVisualStudioVersion = 10.0.40219.1
Project("{FAE04EC0-301F-11D3-BF4B-00C04F79EFBC}") = "EntityFrameworkinmemory", "ConsoleApp1\EntityFrameworkinmemory.csproj", "{C7BE538C-E2CD-4B9B-A95D-6F6CF95422B6}"
EndProject
Global
	GlobalSection(SolutionConfigurationPlatforms) = preSolution
		Debug|Any CPU = Debug|Any CPU
		Release|Any CPU = Release|Any CPU
	EndGlobalSection
	GlobalSection(ProjectConfigurationPlatforms) = postSolution
		{C7BE538C-E2CD-4B9B-A95D-6F6CF95422B6}.Debug|Any CPU.ActiveCfg = Debug|Any CPU
		{C7BE538C-E2CD-4B9B-A95D-6F6CF95422B6}.Debug|Any CPU.Build.0 = Debug|Any CPU
		{C7BE538C-E2CD-4B9B-A95D-6F6CF95422B6}.Release|Any CPU.ActiveCfg = Release|Any CPU
		{C7BE538C-E2CD-4B9B-A95D-6F6CF95422B6}.Release|Any CPU.Build.0 = Release|Any CPU
	EndGlobalSection
	GlobalSection(SolutionProperties) = preSolution
		HideSolutionNode = FALSE
	EndGlobalSection
	GlobalSection(ExtensibilityGlobals) = postSolution
		SolutionGuid = {5E3BC0E0-B080-4A89-84A2-BA958A48BFC8}
	EndGlobalSection
EndGlobal
