
Microsoft Visual Studio Solution File, Format Version 12.00
# Visual Studio Version 17
VisualStudioVersion = 17.7.34031.279
MinimumVisualStudioVersion = 10.0.40219.1
Project("{2150E333-8FDC-42A3-9474-1A3956D46DE8}") = "Core", "Core", "{2B7F0863-802E-4FD0-8406-B1E01B76A512}"
EndProject
Project("{FAE04EC0-301F-11D3-BF4B-00C04F79EFBC}") = "ShapeMaster.Domain", "Core\ShapeMaster.Domain\ShapeMaster.Domain.csproj", "{C7F06EEE-C5C3-4F9A-B41C-DC5DA7A13B87}"
EndProject
Project("{2150E333-8FDC-42A3-9474-1A3956D46DE8}") = "Infrastructure", "Infrastructure", "{DDD352D4-F28E-402C-9E88-50DB86DB13A6}"
EndProject
Project("{FAE04EC0-301F-11D3-BF4B-00C04F79EFBC}") = "ShapeMaster.Infrastructure", "Infrastructure\ShapeMaster.Infrastructure\ShapeMaster.Infrastructure.csproj", "{0B6515A1-CF4F-4607-8A7A-736CC0AB68F9}"
EndProject
Project("{2150E333-8FDC-42A3-9474-1A3956D46DE8}") = "Presentation", "Presentation", "{107E7371-2F74-4F3A-BD45-B7E4CBDB3E93}"
EndProject
Project("{FAE04EC0-301F-11D3-BF4B-00C04F79EFBC}") = "ShapeMaster.Console", "Presentation\ShapeMaster.Console\ShapeMaster.Console.csproj", "{63804238-2A7B-48E4-8772-3111D0483077}"
EndProject
Global
	GlobalSection(SolutionConfigurationPlatforms) = preSolution
		Debug|Any CPU = Debug|Any CPU
		Release|Any CPU = Release|Any CPU
	EndGlobalSection
	GlobalSection(ProjectConfigurationPlatforms) = postSolution
		{C7F06EEE-C5C3-4F9A-B41C-DC5DA7A13B87}.Debug|Any CPU.ActiveCfg = Debug|Any CPU
		{C7F06EEE-C5C3-4F9A-B41C-DC5DA7A13B87}.Debug|Any CPU.Build.0 = Debug|Any CPU
		{C7F06EEE-C5C3-4F9A-B41C-DC5DA7A13B87}.Release|Any CPU.ActiveCfg = Release|Any CPU
		{C7F06EEE-C5C3-4F9A-B41C-DC5DA7A13B87}.Release|Any CPU.Build.0 = Release|Any CPU
		{0B6515A1-CF4F-4607-8A7A-736CC0AB68F9}.Debug|Any CPU.ActiveCfg = Debug|Any CPU
		{0B6515A1-CF4F-4607-8A7A-736CC0AB68F9}.Debug|Any CPU.Build.0 = Debug|Any CPU
		{0B6515A1-CF4F-4607-8A7A-736CC0AB68F9}.Release|Any CPU.ActiveCfg = Release|Any CPU
		{0B6515A1-CF4F-4607-8A7A-736CC0AB68F9}.Release|Any CPU.Build.0 = Release|Any CPU
		{63804238-2A7B-48E4-8772-3111D0483077}.Debug|Any CPU.ActiveCfg = Debug|Any CPU
		{63804238-2A7B-48E4-8772-3111D0483077}.Debug|Any CPU.Build.0 = Debug|Any CPU
		{63804238-2A7B-48E4-8772-3111D0483077}.Release|Any CPU.ActiveCfg = Release|Any CPU
		{63804238-2A7B-48E4-8772-3111D0483077}.Release|Any CPU.Build.0 = Release|Any CPU
	EndGlobalSection
	GlobalSection(SolutionProperties) = preSolution
		HideSolutionNode = FALSE
	EndGlobalSection
	GlobalSection(NestedProjects) = preSolution
		{C7F06EEE-C5C3-4F9A-B41C-DC5DA7A13B87} = {2B7F0863-802E-4FD0-8406-B1E01B76A512}
		{0B6515A1-CF4F-4607-8A7A-736CC0AB68F9} = {DDD352D4-F28E-402C-9E88-50DB86DB13A6}
		{63804238-2A7B-48E4-8772-3111D0483077} = {107E7371-2F74-4F3A-BD45-B7E4CBDB3E93}
	EndGlobalSection
	GlobalSection(ExtensibilityGlobals) = postSolution
		SolutionGuid = {08BA56CA-544F-4331-BE7C-0F085128C621}
	EndGlobalSection
EndGlobal
